
Microsoft Visual Studio Solution File, Format Version 12.00
# Visual Studio Version 16
VisualStudioVersion = 16.0.30711.63
MinimumVisualStudioVersion = 10.0.40219.1
Project("{9A19103F-16F7-4668-BE54-9A1E7A4F7556}") = "Webinar3App.AspNetMvc", "Webinar3App.AspNetMvc\Webinar3App.AspNetMvc.csproj", "{8B76778F-33CB-47CA-A885-5BF24C0BF594}"
EndProject
Project("{FAE04EC0-301F-11D3-BF4B-00C04F79EFBC}") = "Webinar3App.EventSourcing", "Webinar3App.EventSourcing\Webinar3App.EventSourcing.csproj", "{4634085A-2F15-46F9-B1CD-91A78ACA03B7}"
EndProject
Global
	GlobalSection(SolutionConfigurationPlatforms) = preSolution
		Debug|Any CPU = Debug|Any CPU
		Release|Any CPU = Release|Any CPU
	EndGlobalSection
	GlobalSection(ProjectConfigurationPlatforms) = postSolution
		{8B76778F-33CB-47CA-A885-5BF24C0BF594}.Debug|Any CPU.ActiveCfg = Debug|Any CPU
		{8B76778F-33CB-47CA-A885-5BF24C0BF594}.Debug|Any CPU.Build.0 = Debug|Any CPU
		{8B76778F-33CB-47CA-A885-5BF24C0BF594}.Release|Any CPU.ActiveCfg = Release|Any CPU
		{8B76778F-33CB-47CA-A885-5BF24C0BF594}.Release|Any CPU.Build.0 = Release|Any CPU
		{4634085A-2F15-46F9-B1CD-91A78ACA03B7}.Debug|Any CPU.ActiveCfg = Debug|Any CPU
		{4634085A-2F15-46F9-B1CD-91A78ACA03B7}.Debug|Any CPU.Build.0 = Debug|Any CPU
		{4634085A-2F15-46F9-B1CD-91A78ACA03B7}.Release|Any CPU.ActiveCfg = Release|Any CPU
		{4634085A-2F15-46F9-B1CD-91A78ACA03B7}.Release|Any CPU.Build.0 = Release|Any CPU
	EndGlobalSection
	GlobalSection(SolutionProperties) = preSolution
		HideSolutionNode = FALSE
	EndGlobalSection
	GlobalSection(ExtensibilityGlobals) = postSolution
		SolutionGuid = {E6F16F10-25C3-41D0-9E20-96326EEDD9B0}
	EndGlobalSection
EndGlobal
