
Microsoft Visual Studio Solution File, Format Version 12.00
# Visual Studio Version 16
VisualStudioVersion = 16.0.29709.97
MinimumVisualStudioVersion = 10.0.40219.1
Project("{FAE04EC0-301F-11D3-BF4B-00C04F79EFBC}") = "AirportApp", "AirportApp\AirportApp.csproj", "{A2535354-3C5C-44F7-9658-E4DDF0652EF6}"
EndProject
Project("{FAE04EC0-301F-11D3-BF4B-00C04F79EFBC}") = "AirportAppMVC", "..\AirportAppMVC\AirportAppMVC.csproj", "{A84AEE14-0DD5-49E4-AEA0-30EE1BA2EBFD}"
EndProject
Project("{FAE04EC0-301F-11D3-BF4B-00C04F79EFBC}") = "AirportAppMVP", "..\AirportAppMVP\AirportAppMVP.csproj", "{9C0D4946-2790-4F4A-AD4C-F9DD15C8141F}"
EndProject
Project("{FAE04EC0-301F-11D3-BF4B-00C04F79EFBC}") = "AirportAppMVVM", "..\AirportAppMVVM\AirportAppMVVM.csproj", "{1A7C7EE5-1012-4D12-A3C5-539885FB0C27}"
EndProject
Project("{FAE04EC0-301F-11D3-BF4B-00C04F79EFBC}") = "AirportAppCqrs", "AirportAppCqrs\AirportAppCqrs.csproj", "{78D7DDE5-0EF7-4AA9-ADB1-0FB3FED5E1C8}"
EndProject
Global
	GlobalSection(SolutionConfigurationPlatforms) = preSolution
		Debug|Any CPU = Debug|Any CPU
		Debug|x86 = Debug|x86
		Release|Any CPU = Release|Any CPU
		Release|x86 = Release|x86
	EndGlobalSection
	GlobalSection(ProjectConfigurationPlatforms) = postSolution
		{A2535354-3C5C-44F7-9658-E4DDF0652EF6}.Debug|Any CPU.ActiveCfg = Debug|x86
		{A2535354-3C5C-44F7-9658-E4DDF0652EF6}.Debug|x86.ActiveCfg = Debug|x86
		{A2535354-3C5C-44F7-9658-E4DDF0652EF6}.Debug|x86.Build.0 = Debug|x86
		{A2535354-3C5C-44F7-9658-E4DDF0652EF6}.Release|Any CPU.ActiveCfg = Release|x86
		{A2535354-3C5C-44F7-9658-E4DDF0652EF6}.Release|x86.ActiveCfg = Release|x86
		{A2535354-3C5C-44F7-9658-E4DDF0652EF6}.Release|x86.Build.0 = Release|x86
		{A84AEE14-0DD5-49E4-AEA0-30EE1BA2EBFD}.Debug|Any CPU.ActiveCfg = Debug|Any CPU
		{A84AEE14-0DD5-49E4-AEA0-30EE1BA2EBFD}.Debug|Any CPU.Build.0 = Debug|Any CPU
		{A84AEE14-0DD5-49E4-AEA0-30EE1BA2EBFD}.Debug|x86.ActiveCfg = Debug|Any CPU
		{A84AEE14-0DD5-49E4-AEA0-30EE1BA2EBFD}.Debug|x86.Build.0 = Debug|Any CPU
		{A84AEE14-0DD5-49E4-AEA0-30EE1BA2EBFD}.Release|Any CPU.ActiveCfg = Release|Any CPU
		{A84AEE14-0DD5-49E4-AEA0-30EE1BA2EBFD}.Release|Any CPU.Build.0 = Release|Any CPU
		{A84AEE14-0DD5-49E4-AEA0-30EE1BA2EBFD}.Release|x86.ActiveCfg = Release|Any CPU
		{A84AEE14-0DD5-49E4-AEA0-30EE1BA2EBFD}.Release|x86.Build.0 = Release|Any CPU
		{9C0D4946-2790-4F4A-AD4C-F9DD15C8141F}.Debug|Any CPU.ActiveCfg = Debug|Any CPU
		{9C0D4946-2790-4F4A-AD4C-F9DD15C8141F}.Debug|Any CPU.Build.0 = Debug|Any CPU
		{9C0D4946-2790-4F4A-AD4C-F9DD15C8141F}.Debug|x86.ActiveCfg = Debug|Any CPU
		{9C0D4946-2790-4F4A-AD4C-F9DD15C8141F}.Debug|x86.Build.0 = Debug|Any CPU
		{9C0D4946-2790-4F4A-AD4C-F9DD15C8141F}.Release|Any CPU.ActiveCfg = Release|Any CPU
		{9C0D4946-2790-4F4A-AD4C-F9DD15C8141F}.Release|Any CPU.Build.0 = Release|Any CPU
		{9C0D4946-2790-4F4A-AD4C-F9DD15C8141F}.Release|x86.ActiveCfg = Release|Any CPU
		{9C0D4946-2790-4F4A-AD4C-F9DD15C8141F}.Release|x86.Build.0 = Release|Any CPU
		{1A7C7EE5-1012-4D12-A3C5-539885FB0C27}.Debug|Any CPU.ActiveCfg = Debug|Any CPU
		{1A7C7EE5-1012-4D12-A3C5-539885FB0C27}.Debug|Any CPU.Build.0 = Debug|Any CPU
		{1A7C7EE5-1012-4D12-A3C5-539885FB0C27}.Debug|x86.ActiveCfg = Debug|Any CPU
		{1A7C7EE5-1012-4D12-A3C5-539885FB0C27}.Debug|x86.Build.0 = Debug|Any CPU
		{1A7C7EE5-1012-4D12-A3C5-539885FB0C27}.Release|Any CPU.ActiveCfg = Release|Any CPU
		{1A7C7EE5-1012-4D12-A3C5-539885FB0C27}.Release|Any CPU.Build.0 = Release|Any CPU
		{1A7C7EE5-1012-4D12-A3C5-539885FB0C27}.Release|x86.ActiveCfg = Release|Any CPU
		{1A7C7EE5-1012-4D12-A3C5-539885FB0C27}.Release|x86.Build.0 = Release|Any CPU
		{78D7DDE5-0EF7-4AA9-ADB1-0FB3FED5E1C8}.Debug|Any CPU.ActiveCfg = Debug|Any CPU
		{78D7DDE5-0EF7-4AA9-ADB1-0FB3FED5E1C8}.Debug|Any CPU.Build.0 = Debug|Any CPU
		{78D7DDE5-0EF7-4AA9-ADB1-0FB3FED5E1C8}.Debug|x86.ActiveCfg = Debug|Any CPU
		{78D7DDE5-0EF7-4AA9-ADB1-0FB3FED5E1C8}.Debug|x86.Build.0 = Debug|Any CPU
		{78D7DDE5-0EF7-4AA9-ADB1-0FB3FED5E1C8}.Release|Any CPU.ActiveCfg = Release|Any CPU
		{78D7DDE5-0EF7-4AA9-ADB1-0FB3FED5E1C8}.Release|Any CPU.Build.0 = Release|Any CPU
		{78D7DDE5-0EF7-4AA9-ADB1-0FB3FED5E1C8}.Release|x86.ActiveCfg = Release|Any CPU
		{78D7DDE5-0EF7-4AA9-ADB1-0FB3FED5E1C8}.Release|x86.Build.0 = Release|Any CPU
	EndGlobalSection
	GlobalSection(SolutionProperties) = preSolution
		HideSolutionNode = FALSE
	EndGlobalSection
	GlobalSection(ExtensibilityGlobals) = postSolution
		SolutionGuid = {FF96808D-EC9F-4AAC-8158-628676589DDB}
	EndGlobalSection
EndGlobal
